
Microsoft Visual Studio Solution File, Format Version 12.00
# Visual Studio Version 17
VisualStudioVersion = 17.6.33723.286
MinimumVisualStudioVersion = 10.0.40219.1
Project("{9A19103F-16F7-4668-BE54-9A1E7A4F7556}") = "api", "api\api.csproj", "{A3477C1C-AE3E-4982-8BFA-FDD6C2F33E0B}"
EndProject
Project("{2150E333-8FDC-42A3-9474-1A3956D46DE8}") = "Solution Items", "Solution Items", "{3227A8A0-69DE-4F15-BA67-4FBE9582EE81}"
	ProjectSection(SolutionItems) = preProject
		docker-compose.yml = docker-compose.yml
		nginx.conf = nginx.conf
	EndProjectSection
EndProject
Project("{FAE04EC0-301F-11D3-BF4B-00C04F79EFBC}") = "api.Tests", "api.Tests\api.Tests.csproj", "{B01048EC-1C65-4756-BED6-6295262181FC}"
EndProject
Global
	GlobalSection(SolutionConfigurationPlatforms) = preSolution
		Debug|Any CPU = Debug|Any CPU
		Release|Any CPU = Release|Any CPU
	EndGlobalSection
	GlobalSection(ProjectConfigurationPlatforms) = postSolution
		{A3477C1C-AE3E-4982-8BFA-FDD6C2F33E0B}.Debug|Any CPU.ActiveCfg = Debug|Any CPU
		{A3477C1C-AE3E-4982-8BFA-FDD6C2F33E0B}.Debug|Any CPU.Build.0 = Debug|Any CPU
		{A3477C1C-AE3E-4982-8BFA-FDD6C2F33E0B}.Release|Any CPU.ActiveCfg = Release|Any CPU
		{A3477C1C-AE3E-4982-8BFA-FDD6C2F33E0B}.Release|Any CPU.Build.0 = Release|Any CPU
		{B01048EC-1C65-4756-BED6-6295262181FC}.Debug|Any CPU.ActiveCfg = Debug|Any CPU
		{B01048EC-1C65-4756-BED6-6295262181FC}.Debug|Any CPU.Build.0 = Debug|Any CPU
		{B01048EC-1C65-4756-BED6-6295262181FC}.Release|Any CPU.ActiveCfg = Release|Any CPU
		{B01048EC-1C65-4756-BED6-6295262181FC}.Release|Any CPU.Build.0 = Release|Any CPU
	EndGlobalSection
	GlobalSection(SolutionProperties) = preSolution
		HideSolutionNode = FALSE
	EndGlobalSection
	GlobalSection(ExtensibilityGlobals) = postSolution
		SolutionGuid = {F10020FA-7000-4F31-9518-4C93EB2C374A}
	EndGlobalSection
EndGlobal
